
Microsoft Visual Studio Solution File, Format Version 12.00
# Visual Studio 15
VisualStudioVersion = 15.0.27703.2035
MinimumVisualStudioVersion = 10.0.40219.1
Project("{FAE04EC0-301F-11D3-BF4B-00C04F79EFBC}") = "ChatTest", "ChatTest\ChatTest.csproj", "{8A86636C-9C76-4FA4-A78D-441D3955F02B}"
EndProject
Project("{54435603-DBB4-11D2-8724-00A0C9A8B90C}") = "BzCOMSetup", "BzCOMSetup\BzCOMSetup.vdproj", "{68A38BA2-8B7B-4B20-BF85-53AED8BEC898}"
EndProject
Global
	GlobalSection(SolutionConfigurationPlatforms) = preSolution
		Debug|Any CPU = Debug|Any CPU
		Release|Any CPU = Release|Any CPU
	EndGlobalSection
	GlobalSection(ProjectConfigurationPlatforms) = postSolution
		{8A86636C-9C76-4FA4-A78D-441D3955F02B}.Debug|Any CPU.ActiveCfg = Debug|Any CPU
		{8A86636C-9C76-4FA4-A78D-441D3955F02B}.Debug|Any CPU.Build.0 = Debug|Any CPU
		{8A86636C-9C76-4FA4-A78D-441D3955F02B}.Release|Any CPU.ActiveCfg = Release|Any CPU
		{8A86636C-9C76-4FA4-A78D-441D3955F02B}.Release|Any CPU.Build.0 = Release|Any CPU
		{68A38BA2-8B7B-4B20-BF85-53AED8BEC898}.Debug|Any CPU.ActiveCfg = Debug
		{68A38BA2-8B7B-4B20-BF85-53AED8BEC898}.Release|Any CPU.ActiveCfg = Release
	EndGlobalSection
	GlobalSection(SolutionProperties) = preSolution
		HideSolutionNode = FALSE
	EndGlobalSection
	GlobalSection(ExtensibilityGlobals) = postSolution
		SolutionGuid = {6B756D74-C3BF-46CF-AC31-E755875A18A2}
	EndGlobalSection
EndGlobal
